
Microsoft Visual Studio Solution File, Format Version 12.00
# Visual Studio Version 16
VisualStudioVersion = 16.0.30717.126
MinimumVisualStudioVersion = 10.0.40219.1
Project("{FAE04EC0-301F-11D3-BF4B-00C04F79EFBC}") = "Gestion Rips", "Gestion Rips\Gestion Rips.csproj", "{BB36D498-0EBC-4AAF-A94C-EB5E122D53E4}"
EndProject
Global
	GlobalSection(SolutionConfigurationPlatforms) = preSolution
		Debug|Any CPU = Debug|Any CPU
		Release|Any CPU = Release|Any CPU
	EndGlobalSection
	GlobalSection(ProjectConfigurationPlatforms) = postSolution
		{BB36D498-0EBC-4AAF-A94C-EB5E122D53E4}.Debug|Any CPU.ActiveCfg = Debug|Any CPU
		{BB36D498-0EBC-4AAF-A94C-EB5E122D53E4}.Debug|Any CPU.Build.0 = Debug|Any CPU
		{BB36D498-0EBC-4AAF-A94C-EB5E122D53E4}.Release|Any CPU.ActiveCfg = Release|Any CPU
		{BB36D498-0EBC-4AAF-A94C-EB5E122D53E4}.Release|Any CPU.Build.0 = Release|Any CPU
	EndGlobalSection
	GlobalSection(SolutionProperties) = preSolution
		HideSolutionNode = FALSE
	EndGlobalSection
	GlobalSection(ExtensibilityGlobals) = postSolution
		SolutionGuid = {3534D8C0-254E-4E6C-B9E1-8191990B3E50}
	EndGlobalSection
EndGlobal
